// !$*UTF8*$!
{
	archiveVersion = 1;
	classes = {
	};
	objectVersion = 77;
	objects = {

/* Begin PBXBuildFile section */
		856115EB2CE2D3A800ADDDCB /* SwiftDotenv in Frameworks */ = {isa = PBXBuildFile; productRef = 856115EA2CE2D3A800ADDDCB /* SwiftDotenv */; };
/* End PBXBuildFile section */

/* Begin PBXContainerItemProxy section */
		85AF72512CE2BE0B00A128E2 /* PBXContainerItemProxy */ = {
			isa = PBXContainerItemProxy;
			containerPortal = 85AF72372CE2BE0900A128E2 /* Project object */;
			proxyType = 1;
			remoteGlobalIDString = 85AF723E2CE2BE0900A128E2;
			remoteInfo = WeatherService;
		};
		85AF725B2CE2BE0B00A128E2 /* PBXContainerItemProxy */ = {
			isa = PBXContainerItemProxy;
			containerPortal = 85AF72372CE2BE0900A128E2 /* Project object */;
			proxyType = 1;
			remoteGlobalIDString = 85AF723E2CE2BE0900A128E2;
			remoteInfo = WeatherService;
		};
/* End PBXContainerItemProxy section */

/* Begin PBXFileReference section */
		85AF723F2CE2BE0900A128E2 /* WeatherService.app */ = {isa = PBXFileReference; explicitFileType = wrapper.application; includeInIndex = 0; path = WeatherService.app; sourceTree = BUILT_PRODUCTS_DIR; };
		85AF72502CE2BE0B00A128E2 /* WeatherServiceTests.xctest */ = {isa = PBXFileReference; explicitFileType = wrapper.cfbundle; includeInIndex = 0; path = WeatherServiceTests.xctest; sourceTree = BUILT_PRODUCTS_DIR; };
		85AF725A2CE2BE0B00A128E2 /* WeatherServiceUITests.xctest */ = {isa = PBXFileReference; explicitFileType = wrapper.cfbundle; includeInIndex = 0; path = WeatherServiceUITests.xctest; sourceTree = BUILT_PRODUCTS_DIR; };
/* End PBXFileReference section */

/* Begin PBXFileSystemSynchronizedBuildFileExceptionSet section */
		856115E82CE2CF3A00ADDDCB /* Exceptions for "WeatherService" folder in "WeatherService" target */ = {
			isa = PBXFileSystemSynchronizedBuildFileExceptionSet;
			membershipExceptions = (
				Info.plist,
			);
			target = 85AF723E2CE2BE0900A128E2 /* WeatherService */;
		};
/* End PBXFileSystemSynchronizedBuildFileExceptionSet section */

/* Begin PBXFileSystemSynchronizedRootGroup section */
		85AF72412CE2BE0900A128E2 /* WeatherService */ = {
			isa = PBXFileSystemSynchronizedRootGroup;
			exceptions = (
				856115E82CE2CF3A00ADDDCB /* Exceptions for "WeatherService" folder in "WeatherService" target */,
			);
			path = WeatherService;
			sourceTree = "<group>";
		};
		85AF72532CE2BE0B00A128E2 /* WeatherServiceTests */ = {
			isa = PBXFileSystemSynchronizedRootGroup;
			path = WeatherServiceTests;
			sourceTree = "<group>";
		};
		85AF725D2CE2BE0B00A128E2 /* WeatherServiceUITests */ = {
			isa = PBXFileSystemSynchronizedRootGroup;
			path = WeatherServiceUITests;
			sourceTree = "<group>";
		};
/* End PBXFileSystemSynchronizedRootGroup section */

/* Begin PBXFrameworksBuildPhase section */
		85AF723C2CE2BE0900A128E2 /* Frameworks */ = {
			isa = PBXFrameworksBuildPhase;
			buildActionMask = 2147483647;
			files = (
				856115EB2CE2D3A800ADDDCB /* SwiftDotenv in Frameworks */,
			);
			runOnlyForDeploymentPostprocessing = 0;
		};
		85AF724D2CE2BE0B00A128E2 /* Frameworks */ = {
			isa = PBXFrameworksBuildPhase;
			buildActionMask = 2147483647;
			files = (
			);
			runOnlyForDeploymentPostprocessing = 0;
		};
		85AF72572CE2BE0B00A128E2 /* Frameworks */ = {
			isa = PBXFrameworksBuildPhase;
			buildActionMask = 2147483647;
			files = (
			);
			runOnlyForDeploymentPostprocessing = 0;
		};
/* End PBXFrameworksBuildPhase section */

/* Begin PBXGroup section */
		85AF72362CE2BE0900A128E2 = {
			isa = PBXGroup;
			children = (
				85AF72412CE2BE0900A128E2 /* WeatherService */,
				85AF72532CE2BE0B00A128E2 /* WeatherServiceTests */,
				85AF725D2CE2BE0B00A128E2 /* WeatherServiceUITests */,
				85AF72402CE2BE0900A128E2 /* Products */,
			);
			sourceTree = "<group>";
		};
		85AF72402CE2BE0900A128E2 /* Products */ = {
			isa = PBXGroup;
			children = (
				85AF723F2CE2BE0900A128E2 /* WeatherService.app */,
				85AF72502CE2BE0B00A128E2 /* WeatherServiceTests.xctest */,
				85AF725A2CE2BE0B00A128E2 /* WeatherServiceUITests.xctest */,
			);
			name = Products;
			sourceTree = "<group>";
		};
/* End PBXGroup section */

/* Begin PBXNativeTarget section */
		85AF723E2CE2BE0900A128E2 /* WeatherService */ = {
			isa = PBXNativeTarget;
			buildConfigurationList = 85AF72642CE2BE0B00A128E2 /* Build configuration list for PBXNativeTarget "WeatherService" */;
			buildPhases = (
				85AF723B2CE2BE0900A128E2 /* Sources */,
				85AF723C2CE2BE0900A128E2 /* Frameworks */,
				85AF723D2CE2BE0900A128E2 /* Resources */,
			);
			buildRules = (
			);
			dependencies = (
			);
			fileSystemSynchronizedGroups = (
				85AF72412CE2BE0900A128E2 /* WeatherService */,
			);
			name = WeatherService;
			packageProductDependencies = (
				856115EA2CE2D3A800ADDDCB /* SwiftDotenv */,
			);
			productName = WeatherService;
			productReference = 85AF723F2CE2BE0900A128E2 /* WeatherService.app */;
			productType = "com.apple.product-type.application";
		};
		85AF724F2CE2BE0B00A128E2 /* WeatherServiceTests */ = {
			isa = PBXNativeTarget;
			buildConfigurationList = 85AF72672CE2BE0B00A128E2 /* Build configuration list for PBXNativeTarget "WeatherServiceTests" */;
			buildPhases = (
				85AF724C2CE2BE0B00A128E2 /* Sources */,
				85AF724D2CE2BE0B00A128E2 /* Frameworks */,
				85AF724E2CE2BE0B00A128E2 /* Resources */,
			);
			buildRules = (
			);
			dependencies = (
				85AF72522CE2BE0B00A128E2 /* PBXTargetDependency */,
			);
			fileSystemSynchronizedGroups = (
				85AF72532CE2BE0B00A128E2 /* WeatherServiceTests */,
			);
			name = WeatherServiceTests;
			packageProductDependencies = (
			);
			productName = WeatherServiceTests;
			productReference = 85AF72502CE2BE0B00A128E2 /* WeatherServiceTests.xctest */;
			productType = "com.apple.product-type.bundle.unit-test";
		};
		85AF72592CE2BE0B00A128E2 /* WeatherServiceUITests */ = {
			isa = PBXNativeTarget;
			buildConfigurationList = 85AF726A2CE2BE0B00A128E2 /* Build configuration list for PBXNativeTarget "WeatherServiceUITests" */;
			buildPhases = (
				85AF72562CE2BE0B00A128E2 /* Sources */,
				85AF72572CE2BE0B00A128E2 /* Frameworks */,
				85AF72582CE2BE0B00A128E2 /* Resources */,
			);
			buildRules = (
			);
			dependencies = (
				85AF725C2CE2BE0B00A128E2 /* PBXTargetDependency */,
			);
			fileSystemSynchronizedGroups = (
				85AF725D2CE2BE0B00A128E2 /* WeatherServiceUITests */,
			);
			name = WeatherServiceUITests;
			packageProductDependencies = (
			);
			productName = WeatherServiceUITests;
			productReference = 85AF725A2CE2BE0B00A128E2 /* WeatherServiceUITests.xctest */;
			productType = "com.apple.product-type.bundle.ui-testing";
		};
/* End PBXNativeTarget section */

/* Begin PBXProject section */
		85AF72372CE2BE0900A128E2 /* Project object */ = {
			isa = PBXProject;
			attributes = {
				BuildIndependentTargetsInParallel = 1;
				LastSwiftUpdateCheck = 1610;
				LastUpgradeCheck = 1610;
				TargetAttributes = {
					85AF723E2CE2BE0900A128E2 = {
						CreatedOnToolsVersion = 16.1;
					};
					85AF724F2CE2BE0B00A128E2 = {
						CreatedOnToolsVersion = 16.1;
						TestTargetID = 85AF723E2CE2BE0900A128E2;
					};
					85AF72592CE2BE0B00A128E2 = {
						CreatedOnToolsVersion = 16.1;
						TestTargetID = 85AF723E2CE2BE0900A128E2;
					};
				};
			};
			buildConfigurationList = 85AF723A2CE2BE0900A128E2 /* Build configuration list for PBXProject "WeatherService" */;
			developmentRegion = en;
			hasScannedForEncodings = 0;
			knownRegions = (
				en,
				Base,
			);
			mainGroup = 85AF72362CE2BE0900A128E2;
			minimizedProjectReferenceProxies = 1;
			packageReferences = (
				856115E92CE2D3A800ADDDCB /* XCRemoteSwiftPackageReference "swift-dotenv" */,
			);
			preferredProjectObjectVersion = 77;
			productRefGroup = 85AF72402CE2BE0900A128E2 /* Products */;
			projectDirPath = "";
			projectRoot = "";
			targets = (
				85AF723E2CE2BE0900A128E2 /* WeatherService */,
				85AF724F2CE2BE0B00A128E2 /* WeatherServiceTests */,
				85AF72592CE2BE0B00A128E2 /* WeatherServiceUITests */,
			);
		};
/* End PBXProject section */

/* Begin PBXResourcesBuildPhase section */
		85AF723D2CE2BE0900A128E2 /* Resources */ = {
			isa = PBXResourcesBuildPhase;
			buildActionMask = 2147483647;
			files = (
			);
			runOnlyForDeploymentPostprocessing = 0;
		};
		85AF724E2CE2BE0B00A128E2 /* Resources */ = {
			isa = PBXResourcesBuildPhase;
			buildActionMask = 2147483647;
			files = (
			);
			runOnlyForDeploymentPostprocessing = 0;
		};
		85AF72582CE2BE0B00A128E2 /* Resources */ = {
			isa = PBXResourcesBuildPhase;
			buildActionMask = 2147483647;
			files = (
			);
			runOnlyForDeploymentPostprocessing = 0;
		};
/* End PBXResourcesBuildPhase section */

/* Begin PBXSourcesBuildPhase section */
		85AF723B2CE2BE0900A128E2 /* Sources */ = {
			isa = PBXSourcesBuildPhase;
			buildActionMask = 2147483647;
			files = (
			);
			runOnlyForDeploymentPostprocessing = 0;
		};
		85AF724C2CE2BE0B00A128E2 /* Sources */ = {
			isa = PBXSourcesBuildPhase;
			buildActionMask = 2147483647;
			files = (
			);
			runOnlyForDeploymentPostprocessing = 0;
		};
		85AF72562CE2BE0B00A128E2 /* Sources */ = {
			isa = PBXSourcesBuildPhase;
			buildActionMask = 2147483647;
			files = (
			);
			runOnlyForDeploymentPostprocessing = 0;
		};
/* End PBXSourcesBuildPhase section */

/* Begin PBXTargetDependency section */
		85AF72522CE2BE0B00A128E2 /* PBXTargetDependency */ = {
			isa = PBXTargetDependency;
			target = 85AF723E2CE2BE0900A128E2 /* WeatherService */;
			targetProxy = 85AF72512CE2BE0B00A128E2 /* PBXContainerItemProxy */;
		};
		85AF725C2CE2BE0B00A128E2 /* PBXTargetDependency */ = {
			isa = PBXTargetDependency;
			target = 85AF723E2CE2BE0900A128E2 /* WeatherService */;
			targetProxy = 85AF725B2CE2BE0B00A128E2 /* PBXContainerItemProxy */;
		};
/* End PBXTargetDependency section */

/* Begin XCBuildConfiguration section */
		85AF72622CE2BE0B00A128E2 /* Debug */ = {
			isa = XCBuildConfiguration;
			buildSettings = {
				ALWAYS_SEARCH_USER_PATHS = NO;
				ASSETCATALOG_COMPILER_GENERATE_SWIFT_ASSET_SYMBOL_EXTENSIONS = YES;
				CLANG_ANALYZER_NONNULL = YES;
				CLANG_ANALYZER_NUMBER_OBJECT_CONVERSION = YES_AGGRESSIVE;
				CLANG_CXX_LANGUAGE_STANDARD = "gnu++20";
				CLANG_ENABLE_MODULES = YES;
				CLANG_ENABLE_OBJC_ARC = YES;
				CLANG_ENABLE_OBJC_WEAK = YES;
				CLANG_WARN_BLOCK_CAPTURE_AUTORELEASING = YES;
				CLANG_WARN_BOOL_CONVERSION = YES;
				CLANG_WARN_COMMA = YES;
				CLANG_WARN_CONSTANT_CONVERSION = YES;
				CLANG_WARN_DEPRECATED_OBJC_IMPLEMENTATIONS = YES;
				CLANG_WARN_DIRECT_OBJC_ISA_USAGE = YES_ERROR;
				CLANG_WARN_DOCUMENTATION_COMMENTS = YES;
				CLANG_WARN_EMPTY_BODY = YES;
				CLANG_WARN_ENUM_CONVERSION = YES;
				CLANG_WARN_INFINITE_RECURSION = YES;
				CLANG_WARN_INT_CONVERSION = YES;
				CLANG_WARN_NON_LITERAL_NULL_CONVERSION = YES;
				CLANG_WARN_OBJC_IMPLICIT_RETAIN_SELF = YES;
				CLANG_WARN_OBJC_LITERAL_CONVERSION = YES;
				CLANG_WARN_OBJC_ROOT_CLASS = YES_ERROR;
				CLANG_WARN_QUOTED_INCLUDE_IN_FRAMEWORK_HEADER = YES;
				CLANG_WARN_RANGE_LOOP_ANALYSIS = YES;
				CLANG_WARN_STRICT_PROTOTYPES = YES;
				CLANG_WARN_SUSPICIOUS_MOVE = YES;
				CLANG_WARN_UNGUARDED_AVAILABILITY = YES_AGGRESSIVE;
				CLANG_WARN_UNREACHABLE_CODE = YES;
				CLANG_WARN__DUPLICATE_METHOD_MATCH = YES;
				COPY_PHASE_STRIP = NO;
				DEBUG_INFORMATION_FORMAT = dwarf;
				ENABLE_STRICT_OBJC_MSGSEND = YES;
				ENABLE_TESTABILITY = YES;
				ENABLE_USER_SCRIPT_SANDBOXING = YES;
				GCC_C_LANGUAGE_STANDARD = gnu17;
				GCC_DYNAMIC_NO_PIC = NO;
				GCC_NO_COMMON_BLOCKS = YES;
				GCC_OPTIMIZATION_LEVEL = 0;
				GCC_PREPROCESSOR_DEFINITIONS = (
					"DEBUG=1",
					"$(inherited)",
				);
				GCC_WARN_64_TO_32_BIT_CONVERSION = YES;
				GCC_WARN_ABOUT_RETURN_TYPE = YES_ERROR;
				GCC_WARN_UNDECLARED_SELECTOR = YES;
				GCC_WARN_UNINITIALIZED_AUTOS = YES_AGGRESSIVE;
				GCC_WARN_UNUSED_FUNCTION = YES;
				GCC_WARN_UNUSED_VARIABLE = YES;
				LOCALIZATION_PREFERS_STRING_CATALOGS = YES;
				MTL_ENABLE_DEBUG_INFO = INCLUDE_SOURCE;
				MTL_FAST_MATH = YES;
				ONLY_ACTIVE_ARCH = YES;
				SWIFT_ACTIVE_COMPILATION_CONDITIONS = "DEBUG $(inherited)";
				SWIFT_OPTIMIZATION_LEVEL = "-Onone";
			};
			name = Debug;
		};
		85AF72632CE2BE0B00A128E2 /* Release */ = {
			isa = XCBuildConfiguration;
			buildSettings = {
				ALWAYS_SEARCH_USER_PATHS = NO;
				ASSETCATALOG_COMPILER_GENERATE_SWIFT_ASSET_SYMBOL_EXTENSIONS = YES;
				CLANG_ANALYZER_NONNULL = YES;
				CLANG_ANALYZER_NUMBER_OBJECT_CONVERSION = YES_AGGRESSIVE;
				CLANG_CXX_LANGUAGE_STANDARD = "gnu++20";
				CLANG_ENABLE_MODULES = YES;
				CLANG_ENABLE_OBJC_ARC = YES;
				CLANG_ENABLE_OBJC_WEAK = YES;
				CLANG_WARN_BLOCK_CAPTURE_AUTORELEASING = YES;
				CLANG_WARN_BOOL_CONVERSION = YES;
				CLANG_WARN_COMMA = YES;
				CLANG_WARN_CONSTANT_CONVERSION = YES;
				CLANG_WARN_DEPRECATED_OBJC_IMPLEMENTATIONS = YES;
				CLANG_WARN_DIRECT_OBJC_ISA_USAGE = YES_ERROR;
				CLANG_WARN_DOCUMENTATION_COMMENTS = YES;
				CLANG_WARN_EMPTY_BODY = YES;
				CLANG_WARN_ENUM_CONVERSION = YES;
				CLANG_WARN_INFINITE_RECURSION = YES;
				CLANG_WARN_INT_CONVERSION = YES;
				CLANG_WARN_NON_LITERAL_NULL_CONVERSION = YES;
				CLANG_WARN_OBJC_IMPLICIT_RETAIN_SELF = YES;
				CLANG_WARN_OBJC_LITERAL_CONVERSION = YES;
				CLANG_WARN_OBJC_ROOT_CLASS = YES_ERROR;
				CLANG_WARN_QUOTED_INCLUDE_IN_FRAMEWORK_HEADER = YES;
				CLANG_WARN_RANGE_LOOP_ANALYSIS = YES;
				CLANG_WARN_STRICT_PROTOTYPES = YES;
				CLANG_WARN_SUSPICIOUS_MOVE = YES;
				CLANG_WARN_UNGUARDED_AVAILABILITY = YES_AGGRESSIVE;
				CLANG_WARN_UNREACHABLE_CODE = YES;
				CLANG_WARN__DUPLICATE_METHOD_MATCH = YES;
				COPY_PHASE_STRIP = NO;
				DEBUG_INFORMATION_FORMAT = "dwarf-with-dsym";
				ENABLE_NS_ASSERTIONS = NO;
				ENABLE_STRICT_OBJC_MSGSEND = YES;
				ENABLE_USER_SCRIPT_SANDBOXING = YES;
				GCC_C_LANGUAGE_STANDARD = gnu17;
				GCC_NO_COMMON_BLOCKS = YES;
				GCC_WARN_64_TO_32_BIT_CONVERSION = YES;
				GCC_WARN_ABOUT_RETURN_TYPE = YES_ERROR;
				GCC_WARN_UNDECLARED_SELECTOR = YES;
				GCC_WARN_UNINITIALIZED_AUTOS = YES_AGGRESSIVE;
				GCC_WARN_UNUSED_FUNCTION = YES;
				GCC_WARN_UNUSED_VARIABLE = YES;
				LOCALIZATION_PREFERS_STRING_CATALOGS = YES;
				MTL_ENABLE_DEBUG_INFO = NO;
				MTL_FAST_MATH = YES;
				SWIFT_COMPILATION_MODE = wholemodule;
			};
			name = Release;
		};
		85AF72652CE2BE0B00A128E2 /* Debug */ = {
			isa = XCBuildConfiguration;
			buildSettings = {
				ASSETCATALOG_COMPILER_APPICON_NAME = AppIcon;
				ASSETCATALOG_COMPILER_GLOBAL_ACCENT_COLOR_NAME = AccentColor;
				CODE_SIGN_ENTITLEMENTS = WeatherService/WeatherService.entitlements;
				CODE_SIGN_STYLE = Automatic;
				CURRENT_PROJECT_VERSION = 1;
				DEVELOPMENT_ASSET_PATHS = "\"WeatherService/Preview Content\"";
				ENABLE_PREVIEWS = YES;
				GENERATE_INFOPLIST_FILE = YES;
				INFOPLIST_FILE = WeatherService/Info.plist;
				"INFOPLIST_KEY_UIApplicationSceneManifest_Generation[sdk=iphoneos*]" = YES;
				"INFOPLIST_KEY_UIApplicationSceneManifest_Generation[sdk=iphonesimulator*]" = YES;
				"INFOPLIST_KEY_UIApplicationSupportsIndirectInputEvents[sdk=iphoneos*]" = YES;
				"INFOPLIST_KEY_UIApplicationSupportsIndirectInputEvents[sdk=iphonesimulator*]" = YES;
				"INFOPLIST_KEY_UILaunchScreen_Generation[sdk=iphoneos*]" = YES;
				"INFOPLIST_KEY_UILaunchScreen_Generation[sdk=iphonesimulator*]" = YES;
				"INFOPLIST_KEY_UIStatusBarStyle[sdk=iphoneos*]" = UIStatusBarStyleDefault;
				"INFOPLIST_KEY_UIStatusBarStyle[sdk=iphonesimulator*]" = UIStatusBarStyleDefault;
				INFOPLIST_KEY_UISupportedInterfaceOrientations_iPad = "UIInterfaceOrientationPortrait UIInterfaceOrientationPortraitUpsideDown UIInterfaceOrientationLandscapeLeft UIInterfaceOrientationLandscapeRight";
				INFOPLIST_KEY_UISupportedInterfaceOrientations_iPhone = "UIInterfaceOrientationPortrait UIInterfaceOrientationLandscapeLeft UIInterfaceOrientationLandscapeRight";
				IPHONEOS_DEPLOYMENT_TARGET = 18.1;
				LD_RUNPATH_SEARCH_PATHS = "@executable_path/Frameworks";
				"LD_RUNPATH_SEARCH_PATHS[sdk=macosx*]" = "@executable_path/../Frameworks";
				MACOSX_DEPLOYMENT_TARGET = 15.1;
				MARKETING_VERSION = 1.0;
				PRODUCT_BUNDLE_IDENTIFIER = com.mmichael.WeatherService;
				PRODUCT_NAME = "$(TARGET_NAME)";
				SDKROOT = auto;
				SUPPORTED_PLATFORMS = "iphoneos iphonesimulator macosx xros xrsimulator";
				SWIFT_EMIT_LOC_STRINGS = YES;
				SWIFT_VERSION = 5.0;
				TARGETED_DEVICE_FAMILY = "1,2,7";
				XROS_DEPLOYMENT_TARGET = 2.1;
			};
			name = Debug;
		};
		85AF72662CE2BE0B00A128E2 /* Release */ = {
			isa = XCBuildConfiguration;
			buildSettings = {
				ASSETCATALOG_COMPILER_APPICON_NAME = AppIcon;
				ASSETCATALOG_COMPILER_GLOBAL_ACCENT_COLOR_NAME = AccentColor;
				CODE_SIGN_ENTITLEMENTS = WeatherService/WeatherService.entitlements;
				CODE_SIGN_STYLE = Automatic;
				CURRENT_PROJECT_VERSION = 1;
				DEVELOPMENT_ASSET_PATHS = "\"WeatherService/Preview Content\"";
				ENABLE_PREVIEWS = YES;
				GENERATE_INFOPLIST_FILE = YES;
				INFOPLIST_FILE = WeatherService/Info.plist;
				"INFOPLIST_KEY_UIApplicationSceneManifest_Generation[sdk=iphoneos*]" = YES;
				"INFOPLIST_KEY_UIApplicationSceneManifest_Generation[sdk=iphonesimulator*]" = YES;
				"INFOPLIST_KEY_UIApplicationSupportsIndirectInputEvents[sdk=iphoneos*]" = YES;
				"INFOPLIST_KEY_UIApplicationSupportsIndirectInputEvents[sdk=iphonesimulator*]" = YES;
				"INFOPLIST_KEY_UILaunchScreen_Generation[sdk=iphoneos*]" = YES;
				"INFOPLIST_KEY_UILaunchScreen_Generation[sdk=iphonesimulator*]" = YES;
				"INFOPLIST_KEY_UIStatusBarStyle[sdk=iphoneos*]" = UIStatusBarStyleDefault;
				"INFOPLIST_KEY_UIStatusBarStyle[sdk=iphonesimulator*]" = UIStatusBarStyleDefault;
				INFOPLIST_KEY_UISupportedInterfaceOrientations_iPad = "UIInterfaceOrientationPortrait UIInterfaceOrientationPortraitUpsideDown UIInterfaceOrientationLandscapeLeft UIInterfaceOrientationLandscapeRight";
				INFOPLIST_KEY_UISupportedInterfaceOrientations_iPhone = "UIInterfaceOrientationPortrait UIInterfaceOrientationLandscapeLeft UIInterfaceOrientationLandscapeRight";
				IPHONEOS_DEPLOYMENT_TARGET = 18.1;
				LD_RUNPATH_SEARCH_PATHS = "@executable_path/Frameworks";
				"LD_RUNPATH_SEARCH_PATHS[sdk=macosx*]" = "@executable_path/../Frameworks";
				MACOSX_DEPLOYMENT_TARGET = 15.1;
				MARKETING_VERSION = 1.0;
				PRODUCT_BUNDLE_IDENTIFIER = com.mmichael.WeatherService;
				PRODUCT_NAME = "$(TARGET_NAME)";
				SDKROOT = auto;
				SUPPORTED_PLATFORMS = "iphoneos iphonesimulator macosx xros xrsimulator";
				SWIFT_EMIT_LOC_STRINGS = YES;
				SWIFT_VERSION = 5.0;
				TARGETED_DEVICE_FAMILY = "1,2,7";
				XROS_DEPLOYMENT_TARGET = 2.1;
			};
			name = Release;
		};
		85AF72682CE2BE0B00A128E2 /* Debug */ = {
			isa = XCBuildConfiguration;
			buildSettings = {
				BUNDLE_LOADER = "$(TEST_HOST)";
				CODE_SIGN_STYLE = Automatic;
				CURRENT_PROJECT_VERSION = 1;
				GENERATE_INFOPLIST_FILE = YES;
				IPHONEOS_DEPLOYMENT_TARGET = 18.1;
				MACOSX_DEPLOYMENT_TARGET = 15.1;
				MARKETING_VERSION = 1.0;
				PRODUCT_BUNDLE_IDENTIFIER = com.mmichael.WeatherServiceTests;
				PRODUCT_NAME = "$(TARGET_NAME)";
				SDKROOT = auto;
				SUPPORTED_PLATFORMS = "iphoneos iphonesimulator macosx xros xrsimulator";
				SWIFT_EMIT_LOC_STRINGS = NO;
				SWIFT_VERSION = 5.0;
				TARGETED_DEVICE_FAMILY = "1,2,7";
				TEST_HOST = "$(BUILT_PRODUCTS_DIR)/WeatherService.app/$(BUNDLE_EXECUTABLE_FOLDER_PATH)/WeatherService";
				XROS_DEPLOYMENT_TARGET = 2.1;
			};
			name = Debug;
		};
		85AF72692CE2BE0B00A128E2 /* Release */ = {
			isa = XCBuildConfiguration;
			buildSettings = {
				BUNDLE_LOADER = "$(TEST_HOST)";
				CODE_SIGN_STYLE = Automatic;
				CURRENT_PROJECT_VERSION = 1;
				GENERATE_INFOPLIST_FILE = YES;
				IPHONEOS_DEPLOYMENT_TARGET = 18.1;
				MACOSX_DEPLOYMENT_TARGET = 15.1;
				MARKETING_VERSION = 1.0;
				PRODUCT_BUNDLE_IDENTIFIER = com.mmichael.WeatherServiceTests;
				PRODUCT_NAME = "$(TARGET_NAME)";
				SDKROOT = auto;
				SUPPORTED_PLATFORMS = "iphoneos iphonesimulator macosx xros xrsimulator";
				SWIFT_EMIT_LOC_STRINGS = NO;
				SWIFT_VERSION = 5.0;
				TARGETED_DEVICE_FAMILY = "1,2,7";
				TEST_HOST = "$(BUILT_PRODUCTS_DIR)/WeatherService.app/$(BUNDLE_EXECUTABLE_FOLDER_PATH)/WeatherService";
				XROS_DEPLOYMENT_TARGET = 2.1;
			};
			name = Release;
		};
		85AF726B2CE2BE0B00A128E2 /* Debug */ = {
			isa = XCBuildConfiguration;
			buildSettings = {
				CODE_SIGN_STYLE = Automatic;
				CURRENT_PROJECT_VERSION = 1;
				GENERATE_INFOPLIST_FILE = YES;
				IPHONEOS_DEPLOYMENT_TARGET = 18.1;
				MACOSX_DEPLOYMENT_TARGET = 15.1;
				MARKETING_VERSION = 1.0;
				PRODUCT_BUNDLE_IDENTIFIER = com.mmichael.WeatherServiceUITests;
				PRODUCT_NAME = "$(TARGET_NAME)";
				SDKROOT = auto;
				SUPPORTED_PLATFORMS = "iphoneos iphonesimulator macosx xros xrsimulator";
				SWIFT_EMIT_LOC_STRINGS = NO;
				SWIFT_VERSION = 5.0;
				TARGETED_DEVICE_FAMILY = "1,2,7";
				TEST_TARGET_NAME = WeatherService;
				XROS_DEPLOYMENT_TARGET = 2.1;
			};
			name = Debug;
		};
		85AF726C2CE2BE0B00A128E2 /* Release */ = {
			isa = XCBuildConfiguration;
			buildSettings = {
				CODE_SIGN_STYLE = Automatic;
				CURRENT_PROJECT_VERSION = 1;
				GENERATE_INFOPLIST_FILE = YES;
				IPHONEOS_DEPLOYMENT_TARGET = 18.1;
				MACOSX_DEPLOYMENT_TARGET = 15.1;
				MARKETING_VERSION = 1.0;
				PRODUCT_BUNDLE_IDENTIFIER = com.mmichael.WeatherServiceUITests;
				PRODUCT_NAME = "$(TARGET_NAME)";
				SDKROOT = auto;
				SUPPORTED_PLATFORMS = "iphoneos iphonesimulator macosx xros xrsimulator";
				SWIFT_EMIT_LOC_STRINGS = NO;
				SWIFT_VERSION = 5.0;
				TARGETED_DEVICE_FAMILY = "1,2,7";
				TEST_TARGET_NAME = WeatherService;
				XROS_DEPLOYMENT_TARGET = 2.1;
			};
			name = Release;
		};
/* End XCBuildConfiguration section */

/* Begin XCConfigurationList section */
		85AF723A2CE2BE0900A128E2 /* Build configuration list for PBXProject "WeatherService" */ = {
			isa = XCConfigurationList;
			buildConfigurations = (
				85AF72622CE2BE0B00A128E2 /* Debug */,
				85AF72632CE2BE0B00A128E2 /* Release */,
			);
			defaultConfigurationIsVisible = 0;
			defaultConfigurationName = Release;
		};
		85AF72642CE2BE0B00A128E2 /* Build configuration list for PBXNativeTarget "WeatherService" */ = {
			isa = XCConfigurationList;
			buildConfigurations = (
				85AF72652CE2BE0B00A128E2 /* Debug */,
				85AF72662CE2BE0B00A128E2 /* Release */,
			);
			defaultConfigurationIsVisible = 0;
			defaultConfigurationName = Release;
		};
		85AF72672CE2BE0B00A128E2 /* Build configuration list for PBXNativeTarget "WeatherServiceTests" */ = {
			isa = XCConfigurationList;
			buildConfigurations = (
				85AF72682CE2BE0B00A128E2 /* Debug */,
				85AF72692CE2BE0B00A128E2 /* Release */,
			);
			defaultConfigurationIsVisible = 0;
			defaultConfigurationName = Release;
		};
		85AF726A2CE2BE0B00A128E2 /* Build configuration list for PBXNativeTarget "WeatherServiceUITests" */ = {
			isa = XCConfigurationList;
			buildConfigurations = (
				85AF726B2CE2BE0B00A128E2 /* Debug */,
				85AF726C2CE2BE0B00A128E2 /* Release */,
			);
			defaultConfigurationIsVisible = 0;
			defaultConfigurationName = Release;
		};
/* End XCConfigurationList section */

/* Begin XCRemoteSwiftPackageReference section */
		856115E92CE2D3A800ADDDCB /* XCRemoteSwiftPackageReference "swift-dotenv" */ = {
			isa = XCRemoteSwiftPackageReference;
			repositoryURL = "https://github.com/thebarndog/swift-dotenv";
			requirement = {
				kind = upToNextMajorVersion;
				minimumVersion = 2.1.0;
			};
		};
/* End XCRemoteSwiftPackageReference section */

/* Begin XCSwiftPackageProductDependency section */
		856115EA2CE2D3A800ADDDCB /* SwiftDotenv */ = {
			isa = XCSwiftPackageProductDependency;
			package = 856115E92CE2D3A800ADDDCB /* XCRemoteSwiftPackageReference "swift-dotenv" */;
			productName = SwiftDotenv;
		};
/* End XCSwiftPackageProductDependency section */
	};
	rootObject = 85AF72372CE2BE0900A128E2 /* Project object */;
}
